
Microsoft Visual Studio Solution File, Format Version 12.00
# Visual Studio Version 17
VisualStudioVersion = 17.9.34728.123
MinimumVisualStudioVersion = 10.0.40219.1
Project("{9A19103F-16F7-4668-BE54-9A1E7A4F7556}") = "Test", "HellowWorld\Test.csproj", "{C913EE21-76BF-4F7D-8FC7-2047C0CD651F}"
EndProject
Global
	GlobalSection(SolutionConfigurationPlatforms) = preSolution
		Debug|Any CPU = Debug|Any CPU
		Release|Any CPU = Release|Any CPU
	EndGlobalSection
	GlobalSection(ProjectConfigurationPlatforms) = postSolution
		{C913EE21-76BF-4F7D-8FC7-2047C0CD651F}.Debug|Any CPU.ActiveCfg = Debug|Any CPU
		{C913EE21-76BF-4F7D-8FC7-2047C0CD651F}.Debug|Any CPU.Build.0 = Debug|Any CPU
		{C913EE21-76BF-4F7D-8FC7-2047C0CD651F}.Release|Any CPU.ActiveCfg = Release|Any CPU
		{C913EE21-76BF-4F7D-8FC7-2047C0CD651F}.Release|Any CPU.Build.0 = Release|Any CPU
	EndGlobalSection
	GlobalSection(SolutionProperties) = preSolution
		HideSolutionNode = FALSE
	EndGlobalSection
	GlobalSection(ExtensibilityGlobals) = postSolution
		SolutionGuid = {21D9F1A1-E8BA-4785-9584-EBE1A8574169}
	EndGlobalSection
EndGlobal
